
Microsoft Visual Studio Solution File, Format Version 12.00
# Visual Studio Version 17
VisualStudioVersion = 17.11.35327.3
MinimumVisualStudioVersion = 10.0.40219.1
Project("{FAE04EC0-301F-11D3-BF4B-00C04F79EFBC}") = "Login", "Login.csproj", "{30D68EBD-F569-410D-830C-22653C1C6A10}"
EndProject
Global
	GlobalSection(SolutionConfigurationPlatforms) = preSolution
		Debug|Any CPU = Debug|Any CPU
		Release|Any CPU = Release|Any CPU
	EndGlobalSection
	GlobalSection(ProjectConfigurationPlatforms) = postSolution
		{30D68EBD-F569-410D-830C-22653C1C6A10}.Debug|Any CPU.ActiveCfg = Debug|Any CPU
		{30D68EBD-F569-410D-830C-22653C1C6A10}.Debug|Any CPU.Build.0 = Debug|Any CPU
		{30D68EBD-F569-410D-830C-22653C1C6A10}.Release|Any CPU.ActiveCfg = Release|Any CPU
		{30D68EBD-F569-410D-830C-22653C1C6A10}.Release|Any CPU.Build.0 = Release|Any CPU
	EndGlobalSection
	GlobalSection(SolutionProperties) = preSolution
		HideSolutionNode = FALSE
	EndGlobalSection
	GlobalSection(ExtensibilityGlobals) = postSolution
		SolutionGuid = {DA4DEED8-64D0-4C7E-810C-CA3EAD36665D}
	EndGlobalSection
EndGlobal
