
Microsoft Visual Studio Solution File, Format Version 12.00
# Visual Studio Version 17
VisualStudioVersion = 17.11.35327.3
MinimumVisualStudioVersion = 10.0.40219.1
Project("{00D1A9C2-B5F0-4AF3-8072-F6C62B433612}") = "Database1", "Database1.sqlproj", "{2E4DB0A1-E9B4-487A-B1B2-53409C7296B6}"
EndProject
Global
	GlobalSection(SolutionConfigurationPlatforms) = preSolution
		Debug|Any CPU = Debug|Any CPU
		Release|Any CPU = Release|Any CPU
	EndGlobalSection
	GlobalSection(ProjectConfigurationPlatforms) = postSolution
		{2E4DB0A1-E9B4-487A-B1B2-53409C7296B6}.Debug|Any CPU.ActiveCfg = Debug|Any CPU
		{2E4DB0A1-E9B4-487A-B1B2-53409C7296B6}.Debug|Any CPU.Build.0 = Debug|Any CPU
		{2E4DB0A1-E9B4-487A-B1B2-53409C7296B6}.Debug|Any CPU.Deploy.0 = Debug|Any CPU
		{2E4DB0A1-E9B4-487A-B1B2-53409C7296B6}.Release|Any CPU.ActiveCfg = Release|Any CPU
		{2E4DB0A1-E9B4-487A-B1B2-53409C7296B6}.Release|Any CPU.Build.0 = Release|Any CPU
		{2E4DB0A1-E9B4-487A-B1B2-53409C7296B6}.Release|Any CPU.Deploy.0 = Release|Any CPU
	EndGlobalSection
	GlobalSection(SolutionProperties) = preSolution
		HideSolutionNode = FALSE
	EndGlobalSection
	GlobalSection(ExtensibilityGlobals) = postSolution
		SolutionGuid = {F8C70BE0-2999-4AD2-9658-23ED9C8C63CD}
	EndGlobalSection
EndGlobal
