
Microsoft Visual Studio Solution File, Format Version 12.00
# Visual Studio Version 17
VisualStudioVersion = 17.11.35327.3
MinimumVisualStudioVersion = 10.0.40219.1
Project("{FAE04EC0-301F-11D3-BF4B-00C04F79EFBC}") = "Justtrying", "Justtrying\Justtrying.csproj", "{12DDAAB6-13CB-42C8-B599-B64A43A066E7}"
EndProject
Global
	GlobalSection(SolutionConfigurationPlatforms) = preSolution
		Debug|Any CPU = Debug|Any CPU
		Release|Any CPU = Release|Any CPU
	EndGlobalSection
	GlobalSection(ProjectConfigurationPlatforms) = postSolution
		{12DDAAB6-13CB-42C8-B599-B64A43A066E7}.Debug|Any CPU.ActiveCfg = Debug|Any CPU
		{12DDAAB6-13CB-42C8-B599-B64A43A066E7}.Debug|Any CPU.Build.0 = Debug|Any CPU
		{12DDAAB6-13CB-42C8-B599-B64A43A066E7}.Release|Any CPU.ActiveCfg = Release|Any CPU
		{12DDAAB6-13CB-42C8-B599-B64A43A066E7}.Release|Any CPU.Build.0 = Release|Any CPU
	EndGlobalSection
	GlobalSection(SolutionProperties) = preSolution
		HideSolutionNode = FALSE
	EndGlobalSection
	GlobalSection(ExtensibilityGlobals) = postSolution
		SolutionGuid = {7275F8F1-8831-47C2-8B20-BDCC9F10C054}
	EndGlobalSection
EndGlobal
