
Microsoft Visual Studio Solution File, Format Version 12.00
# Visual Studio Version 17
VisualStudioVersion = 17.11.35327.3
MinimumVisualStudioVersion = 10.0.40219.1
Project("{FAE04EC0-301F-11D3-BF4B-00C04F79EFBC}") = "sample1", "sample1\sample1.csproj", "{F55F9D99-09F3-4E8F-9402-A09DCD6EE1E0}"
EndProject
Project("{FAE04EC0-301F-11D3-BF4B-00C04F79EFBC}") = "ClassLibrary1", "ClassLibrary1\ClassLibrary1.csproj", "{FDAEB514-E6BE-4537-AA2A-08DC35333A0E}"
EndProject
Global
	GlobalSection(SolutionConfigurationPlatforms) = preSolution
		Debug|Any CPU = Debug|Any CPU
		Release|Any CPU = Release|Any CPU
	EndGlobalSection
	GlobalSection(ProjectConfigurationPlatforms) = postSolution
		{F55F9D99-09F3-4E8F-9402-A09DCD6EE1E0}.Debug|Any CPU.ActiveCfg = Debug|Any CPU
		{F55F9D99-09F3-4E8F-9402-A09DCD6EE1E0}.Debug|Any CPU.Build.0 = Debug|Any CPU
		{F55F9D99-09F3-4E8F-9402-A09DCD6EE1E0}.Release|Any CPU.ActiveCfg = Release|Any CPU
		{F55F9D99-09F3-4E8F-9402-A09DCD6EE1E0}.Release|Any CPU.Build.0 = Release|Any CPU
		{FDAEB514-E6BE-4537-AA2A-08DC35333A0E}.Debug|Any CPU.ActiveCfg = Debug|Any CPU
		{FDAEB514-E6BE-4537-AA2A-08DC35333A0E}.Debug|Any CPU.Build.0 = Debug|Any CPU
		{FDAEB514-E6BE-4537-AA2A-08DC35333A0E}.Release|Any CPU.ActiveCfg = Release|Any CPU
		{FDAEB514-E6BE-4537-AA2A-08DC35333A0E}.Release|Any CPU.Build.0 = Release|Any CPU
	EndGlobalSection
	GlobalSection(SolutionProperties) = preSolution
		HideSolutionNode = FALSE
	EndGlobalSection
	GlobalSection(ExtensibilityGlobals) = postSolution
		SolutionGuid = {28A42BE2-22A5-43E5-834A-84D62749613D}
	EndGlobalSection
EndGlobal
